
Microsoft Visual Studio Solution File, Format Version 12.00
# Visual Studio Version 17
VisualStudioVersion = 17.2.32526.322
MinimumVisualStudioVersion = 10.0.40219.1

Project("{2150E333-8FDC-42A3-9474-1A3956D46DE8}") = "src", "src", "{E7B37011-5A67-44D2-95E0-201FAF2B3A25}"
EndProject
Project("{2150E333-8FDC-42A3-9474-1A3956D46DE8}") = "ref", "ref", "{912CA2D6-0178-4CB3-84F7-E5D299EF2F19}"
EndProject
Project("{2150E333-8FDC-42A3-9474-1A3956D46DE8}") = "tests", "tests", "{DBEA4F18-C0DE-49D8-8178-E4413D3B3D70}"
EndProject
Project("{2150E333-8FDC-42A3-9474-1A3956D46DE8}") = "example", "example", "{68C2E304-162F-4028-A488-7F9566D9756E}"
EndProject

Project("{9A19103F-16F7-4668-BE54-9A1E7A4F7556}") = "Dapper", "ref\Dapper\Dapper\Dapper.csproj", "{97DBE8E8-5727-4C7D-AE93-2229DE441812}"
EndProject

Project("{9A19103F-16F7-4668-BE54-9A1E7A4F7556}") = "Yxl.Dal", "src\Yxl.Dal\Yxl.Dal.csproj", "{FF9D924E-3A86-4269-A23E-BFC310041505}"
EndProject
Project("{9A19103F-16F7-4668-BE54-9A1E7A4F7556}") = "Yxl.Dal.MySql", "src\Yxl.Dal.MySql\Yxl.Dal.MySql.csproj", "{F03090AB-8232-4DFF-ADCF-CE71B0F03211}"
EndProject
Project("{9A19103F-16F7-4668-BE54-9A1E7A4F7556}") = "Yxl.Dal.SqlServer", "src\Yxl.Dal.SqlServer\Yxl.Dal.SqlServer.csproj", "{FC149875-90AC-4CA4-962F-E611EAC93578}"
EndProject

Project("{9A19103F-16F7-4668-BE54-9A1E7A4F7556}") = "Yxl.Dapper.Extensions.Tests", "tests\Yxl.Dapper.Extensions.Tests\Yxl.Dapper.Extensions.Tests.csproj", "{5576F838-1985-4F21-8758-04E99DD47ACB}"
EndProject
Project("{9A19103F-16F7-4668-BE54-9A1E7A4F7556}") = "Yxl.Dal.Tests", "tests\Yxl.Dal.Tests\Yxl.Dal.Tests.csproj", "{B7FAF919-5366-4285-BBC3-4549424AB956}"
EndProject
Project("{9A19103F-16F7-4668-BE54-9A1E7A4F7556}") = "Yxl.Dapper.Extensions", "src\Yxl.Dapper.Extensions\Yxl.Dapper.Extensions.csproj", "{EC16983C-EF10-46ED-9C26-E7E58ED90EF6}"
EndProject

Project("{FAE04EC0-301F-11D3-BF4B-00C04F79EFBC}") = "Yxl.Dal.Api", "example\Yxl.Dal.Api\Yxl.Dal.Api.csproj", "{DB27B930-1293-4CD9-A4EC-B36DDA397553}"
EndProject
Global
	GlobalSection(SolutionConfigurationPlatforms) = preSolution
		Debug|Any CPU = Debug|Any CPU
		Release|Any CPU = Release|Any CPU
	EndGlobalSection
	GlobalSection(ProjectConfigurationPlatforms) = postSolution
		{FF9D924E-3A86-4269-A23E-BFC310041505}.Debug|Any CPU.ActiveCfg = Debug|Any CPU
		{FF9D924E-3A86-4269-A23E-BFC310041505}.Debug|Any CPU.Build.0 = Debug|Any CPU
		{FF9D924E-3A86-4269-A23E-BFC310041505}.Release|Any CPU.ActiveCfg = Release|Any CPU
		{FF9D924E-3A86-4269-A23E-BFC310041505}.Release|Any CPU.Build.0 = Release|Any CPU
		{97DBE8E8-5727-4C7D-AE93-2229DE441812}.Debug|Any CPU.ActiveCfg = Debug|Any CPU
		{97DBE8E8-5727-4C7D-AE93-2229DE441812}.Debug|Any CPU.Build.0 = Debug|Any CPU
		{97DBE8E8-5727-4C7D-AE93-2229DE441812}.Release|Any CPU.ActiveCfg = Release|Any CPU
		{97DBE8E8-5727-4C7D-AE93-2229DE441812}.Release|Any CPU.Build.0 = Release|Any CPU
		{F03090AB-8232-4DFF-ADCF-CE71B0F03211}.Debug|Any CPU.ActiveCfg = Debug|Any CPU
		{F03090AB-8232-4DFF-ADCF-CE71B0F03211}.Debug|Any CPU.Build.0 = Debug|Any CPU
		{F03090AB-8232-4DFF-ADCF-CE71B0F03211}.Release|Any CPU.ActiveCfg = Release|Any CPU
		{F03090AB-8232-4DFF-ADCF-CE71B0F03211}.Release|Any CPU.Build.0 = Release|Any CPU
		{B7FAF919-5366-4285-BBC3-4549424AB956}.Debug|Any CPU.ActiveCfg = Debug|Any CPU
		{B7FAF919-5366-4285-BBC3-4549424AB956}.Debug|Any CPU.Build.0 = Debug|Any CPU
		{B7FAF919-5366-4285-BBC3-4549424AB956}.Release|Any CPU.ActiveCfg = Release|Any CPU
		{B7FAF919-5366-4285-BBC3-4549424AB956}.Release|Any CPU.Build.0 = Release|Any CPU
		{FC149875-90AC-4CA4-962F-E611EAC93578}.Debug|Any CPU.ActiveCfg = Debug|Any CPU
		{FC149875-90AC-4CA4-962F-E611EAC93578}.Debug|Any CPU.Build.0 = Debug|Any CPU
		{FC149875-90AC-4CA4-962F-E611EAC93578}.Release|Any CPU.ActiveCfg = Release|Any CPU
		{FC149875-90AC-4CA4-962F-E611EAC93578}.Release|Any CPU.Build.0 = Release|Any CPU
		{5576F838-1985-4F21-8758-04E99DD47ACB}.Debug|Any CPU.ActiveCfg = Debug|Any CPU
		{5576F838-1985-4F21-8758-04E99DD47ACB}.Debug|Any CPU.Build.0 = Debug|Any CPU
		{5576F838-1985-4F21-8758-04E99DD47ACB}.Release|Any CPU.ActiveCfg = Release|Any CPU
		{5576F838-1985-4F21-8758-04E99DD47ACB}.Release|Any CPU.Build.0 = Release|Any CPU
		{EC16983C-EF10-46ED-9C26-E7E58ED90EF6}.Debug|Any CPU.ActiveCfg = Debug|Any CPU
		{EC16983C-EF10-46ED-9C26-E7E58ED90EF6}.Debug|Any CPU.Build.0 = Debug|Any CPU
		{EC16983C-EF10-46ED-9C26-E7E58ED90EF6}.Release|Any CPU.ActiveCfg = Release|Any CPU
		{EC16983C-EF10-46ED-9C26-E7E58ED90EF6}.Release|Any CPU.Build.0 = Release|Any CPU
		{DB27B930-1293-4CD9-A4EC-B36DDA397553}.Debug|Any CPU.ActiveCfg = Debug|Any CPU
		{DB27B930-1293-4CD9-A4EC-B36DDA397553}.Debug|Any CPU.Build.0 = Debug|Any CPU
		{DB27B930-1293-4CD9-A4EC-B36DDA397553}.Release|Any CPU.ActiveCfg = Release|Any CPU
		{DB27B930-1293-4CD9-A4EC-B36DDA397553}.Release|Any CPU.Build.0 = Release|Any CPU
	EndGlobalSection
	GlobalSection(SolutionProperties) = preSolution
		HideSolutionNode = FALSE
	EndGlobalSection
	GlobalSection(NestedProjects) = preSolution
		{FF9D924E-3A86-4269-A23E-BFC310041505} = {E7B37011-5A67-44D2-95E0-201FAF2B3A25}
		{97DBE8E8-5727-4C7D-AE93-2229DE441812} = {912CA2D6-0178-4CB3-84F7-E5D299EF2F19}
		{F03090AB-8232-4DFF-ADCF-CE71B0F03211} = {E7B37011-5A67-44D2-95E0-201FAF2B3A25}
		{B7FAF919-5366-4285-BBC3-4549424AB956} = {DBEA4F18-C0DE-49D8-8178-E4413D3B3D70}
		{FC149875-90AC-4CA4-962F-E611EAC93578} = {E7B37011-5A67-44D2-95E0-201FAF2B3A25}
		{5576F838-1985-4F21-8758-04E99DD47ACB} = {DBEA4F18-C0DE-49D8-8178-E4413D3B3D70}
		{EC16983C-EF10-46ED-9C26-E7E58ED90EF6} = {E7B37011-5A67-44D2-95E0-201FAF2B3A25}
		{DB27B930-1293-4CD9-A4EC-B36DDA397553} = {68C2E304-162F-4028-A488-7F9566D9756E}
	EndGlobalSection
	GlobalSection(ExtensibilityGlobals) = postSolution
		SolutionGuid = {CEF7100A-1DAB-4E6D-94CA-96E3B8FC2FE4}
	EndGlobalSection
EndGlobal
